
Microsoft Visual Studio Solution File, Format Version 12.00
# Visual Studio 15
VisualStudioVersion = 15.0.27130.2036
MinimumVisualStudioVersion = 10.0.40219.1
Project("{FAE04EC0-301F-11D3-BF4B-00C04F79EFBC}") = "nbp-autobus-data", "nbp-autobus-data\nbp-autobus-data.csproj", "{933BD2A7-7D52-417F-B2E7-BB2A7B16A49E}"
EndProject
Project("{FAE04EC0-301F-11D3-BF4B-00C04F79EFBC}") = "nbp-autobus-api", "test-api\nbp-autobus-api.csproj", "{F0BDE437-7170-4157-B3A7-446734D010B6}"
EndProject
Global
	GlobalSection(SolutionConfigurationPlatforms) = preSolution
		Debug|Any CPU = Debug|Any CPU
		Release|Any CPU = Release|Any CPU
	EndGlobalSection
	GlobalSection(ProjectConfigurationPlatforms) = postSolution
		{933BD2A7-7D52-417F-B2E7-BB2A7B16A49E}.Debug|Any CPU.ActiveCfg = Debug|Any CPU
		{933BD2A7-7D52-417F-B2E7-BB2A7B16A49E}.Debug|Any CPU.Build.0 = Debug|Any CPU
		{933BD2A7-7D52-417F-B2E7-BB2A7B16A49E}.Release|Any CPU.ActiveCfg = Release|Any CPU
		{933BD2A7-7D52-417F-B2E7-BB2A7B16A49E}.Release|Any CPU.Build.0 = Release|Any CPU
		{F0BDE437-7170-4157-B3A7-446734D010B6}.Debug|Any CPU.ActiveCfg = Debug|Any CPU
		{F0BDE437-7170-4157-B3A7-446734D010B6}.Debug|Any CPU.Build.0 = Debug|Any CPU
		{F0BDE437-7170-4157-B3A7-446734D010B6}.Release|Any CPU.ActiveCfg = Release|Any CPU
		{F0BDE437-7170-4157-B3A7-446734D010B6}.Release|Any CPU.Build.0 = Release|Any CPU
	EndGlobalSection
	GlobalSection(SolutionProperties) = preSolution
		HideSolutionNode = FALSE
	EndGlobalSection
	GlobalSection(ExtensibilityGlobals) = postSolution
		SolutionGuid = {06C74745-D59D-4DBF-983F-CEF0CB1B9924}
	EndGlobalSection
EndGlobal
